
Microsoft Visual Studio Solution File, Format Version 12.00
Project("{FAE04EC0-301F-11D3-BF4B-00C04F79EFBC}") = "Customer.API", "Customer.API\Customer.API.csproj", "{FD6D67CE-55E6-4EC8-8FA6-07275F6B23AF}"
EndProject
Project("{FAE04EC0-301F-11D3-BF4B-00C04F79EFBC}") = "Customer.Data", "Customer.Data\Customer.Data.csproj", "{F6EA2712-2FF4-48C4-AB56-17668DFA10D8}"
EndProject
Project("{FAE04EC0-301F-11D3-BF4B-00C04F79EFBC}") = "Customer.Service", "Customer.Service\Customer.Service.csproj", "{C49116B6-B8A8-4989-9725-35B16FB4142F}"
EndProject
Project("{FAE04EC0-301F-11D3-BF4B-00C04F79EFBC}") = "Customer.Domain", "Customer.Domain\Customer.Domain.csproj", "{884E2065-33F2-451D-8BA0-90ADB0583557}"
EndProject
Global
	GlobalSection(SolutionConfigurationPlatforms) = preSolution
		Debug|Any CPU = Debug|Any CPU
		Release|Any CPU = Release|Any CPU
	EndGlobalSection
	GlobalSection(ProjectConfigurationPlatforms) = postSolution
		{FD6D67CE-55E6-4EC8-8FA6-07275F6B23AF}.Debug|Any CPU.ActiveCfg = Debug|Any CPU
		{FD6D67CE-55E6-4EC8-8FA6-07275F6B23AF}.Debug|Any CPU.Build.0 = Debug|Any CPU
		{FD6D67CE-55E6-4EC8-8FA6-07275F6B23AF}.Release|Any CPU.ActiveCfg = Release|Any CPU
		{FD6D67CE-55E6-4EC8-8FA6-07275F6B23AF}.Release|Any CPU.Build.0 = Release|Any CPU
		{F6EA2712-2FF4-48C4-AB56-17668DFA10D8}.Debug|Any CPU.ActiveCfg = Debug|Any CPU
		{F6EA2712-2FF4-48C4-AB56-17668DFA10D8}.Debug|Any CPU.Build.0 = Debug|Any CPU
		{F6EA2712-2FF4-48C4-AB56-17668DFA10D8}.Release|Any CPU.ActiveCfg = Release|Any CPU
		{F6EA2712-2FF4-48C4-AB56-17668DFA10D8}.Release|Any CPU.Build.0 = Release|Any CPU
		{C49116B6-B8A8-4989-9725-35B16FB4142F}.Debug|Any CPU.ActiveCfg = Debug|Any CPU
		{C49116B6-B8A8-4989-9725-35B16FB4142F}.Debug|Any CPU.Build.0 = Debug|Any CPU
		{C49116B6-B8A8-4989-9725-35B16FB4142F}.Release|Any CPU.ActiveCfg = Release|Any CPU
		{C49116B6-B8A8-4989-9725-35B16FB4142F}.Release|Any CPU.Build.0 = Release|Any CPU
		{884E2065-33F2-451D-8BA0-90ADB0583557}.Debug|Any CPU.ActiveCfg = Debug|Any CPU
		{884E2065-33F2-451D-8BA0-90ADB0583557}.Debug|Any CPU.Build.0 = Debug|Any CPU
		{884E2065-33F2-451D-8BA0-90ADB0583557}.Release|Any CPU.ActiveCfg = Release|Any CPU
		{884E2065-33F2-451D-8BA0-90ADB0583557}.Release|Any CPU.Build.0 = Release|Any CPU
	EndGlobalSection
EndGlobal
